
Microsoft Visual Studio Solution File, Format Version 12.00
# Visual Studio Version 17
VisualStudioVersion = 17.5.33516.290
MinimumVisualStudioVersion = 10.0.40219.1
Project("{FAE04EC0-301F-11D3-BF4B-00C04F79EFBC}") = "ifood_core_api_7", "ifood_core_api_7\ifood_core_api_7.csproj", "{1AAFA707-C051-4AC3-BAF9-52815D3717F2}"
EndProject
Global
	GlobalSection(SolutionConfigurationPlatforms) = preSolution
		Debug|Any CPU = Debug|Any CPU
		Release|Any CPU = Release|Any CPU
	EndGlobalSection
	GlobalSection(ProjectConfigurationPlatforms) = postSolution
		{1AAFA707-C051-4AC3-BAF9-52815D3717F2}.Debug|Any CPU.ActiveCfg = Debug|Any CPU
		{1AAFA707-C051-4AC3-BAF9-52815D3717F2}.Debug|Any CPU.Build.0 = Debug|Any CPU
		{1AAFA707-C051-4AC3-BAF9-52815D3717F2}.Release|Any CPU.ActiveCfg = Release|Any CPU
		{1AAFA707-C051-4AC3-BAF9-52815D3717F2}.Release|Any CPU.Build.0 = Release|Any CPU
	EndGlobalSection
	GlobalSection(SolutionProperties) = preSolution
		HideSolutionNode = FALSE
	EndGlobalSection
	GlobalSection(ExtensibilityGlobals) = postSolution
		SolutionGuid = {CF9C8150-F2D2-44B8-9FC8-CAF139067CDE}
	EndGlobalSection
EndGlobal
